// !$*UTF8*$!
{
	archiveVersion = 1;
	classes = {
	};
	objectVersion = 50;
	objects = {

/* Begin PBXBuildFile section */
		D7536910247405A200144A26 /* AppDelegate.swift in Sources */ = {isa = PBXBuildFile; fileRef = D753690F247405A200144A26 /* AppDelegate.swift */; };
		D7536912247405A200144A26 /* SceneDelegate.swift in Sources */ = {isa = PBXBuildFile; fileRef = D7536911247405A200144A26 /* SceneDelegate.swift */; };
		D7536914247405A200144A26 /* ContentView.swift in Sources */ = {isa = PBXBuildFile; fileRef = D7536913247405A200144A26 /* ContentView.swift */; };
		D7536916247405A500144A26 /* Assets.xcassets in Resources */ = {isa = PBXBuildFile; fileRef = D7536915247405A500144A26 /* Assets.xcassets */; };
		D7536919247405A500144A26 /* Preview Assets.xcassets in Resources */ = {isa = PBXBuildFile; fileRef = D7536918247405A500144A26 /* Preview Assets.xcassets */; };
		D753691C247405A500144A26 /* LaunchScreen.storyboard in Resources */ = {isa = PBXBuildFile; fileRef = D753691A247405A500144A26 /* LaunchScreen.storyboard */; };
		D7536927247405A600144A26 /* lab10Tests.swift in Sources */ = {isa = PBXBuildFile; fileRef = D7536926247405A600144A26 /* lab10Tests.swift */; };
		D7536932247405A600144A26 /* lab10UITests.swift in Sources */ = {isa = PBXBuildFile; fileRef = D7536931247405A600144A26 /* lab10UITests.swift */; };
		D75369462474544900144A26 /* ArticleRow.swift in Sources */ = {isa = PBXBuildFile; fileRef = D75369452474544900144A26 /* ArticleRow.swift */; };
		D75369482474547400144A26 /* Article.swift in Sources */ = {isa = PBXBuildFile; fileRef = D75369472474547400144A26 /* Article.swift */; };
		D753694A247456BE00144A26 /* ArticleList.swift in Sources */ = {isa = PBXBuildFile; fileRef = D7536949247456BE00144A26 /* ArticleList.swift */; };
		D753694C2474579300144A26 /* ArticleView.swift in Sources */ = {isa = PBXBuildFile; fileRef = D753694B2474579300144A26 /* ArticleView.swift */; };
/* End PBXBuildFile section */

/* Begin PBXContainerItemProxy section */
		D7536923247405A600144A26 /* PBXContainerItemProxy */ = {
			isa = PBXContainerItemProxy;
			containerPortal = D7536904247405A200144A26 /* Project object */;
			proxyType = 1;
			remoteGlobalIDString = D753690B247405A200144A26;
			remoteInfo = lab10;
		};
		D753692E247405A600144A26 /* PBXContainerItemProxy */ = {
			isa = PBXContainerItemProxy;
			containerPortal = D7536904247405A200144A26 /* Project object */;
			proxyType = 1;
			remoteGlobalIDString = D753690B247405A200144A26;
			remoteInfo = lab10;
		};
/* End PBXContainerItemProxy section */

/* Begin PBXFileReference section */
		D753690C247405A200144A26 /* lab10.app */ = {isa = PBXFileReference; explicitFileType = wrapper.application; includeInIndex = 0; path = lab10.app; sourceTree = BUILT_PRODUCTS_DIR; };
		D753690F247405A200144A26 /* AppDelegate.swift */ = {isa = PBXFileReference; lastKnownFileType = sourcecode.swift; path = AppDelegate.swift; sourceTree = "<group>"; };
		D7536911247405A200144A26 /* SceneDelegate.swift */ = {isa = PBXFileReference; lastKnownFileType = sourcecode.swift; path = SceneDelegate.swift; sourceTree = "<group>"; };
		D7536913247405A200144A26 /* ContentView.swift */ = {isa = PBXFileReference; lastKnownFileType = sourcecode.swift; path = ContentView.swift; sourceTree = "<group>"; };
		D7536915247405A500144A26 /* Assets.xcassets */ = {isa = PBXFileReference; lastKnownFileType = folder.assetcatalog; path = Assets.xcassets; sourceTree = "<group>"; };
		D7536918247405A500144A26 /* Preview Assets.xcassets */ = {isa = PBXFileReference; lastKnownFileType = folder.assetcatalog; path = "Preview Assets.xcassets"; sourceTree = "<group>"; };
		D753691B247405A500144A26 /* Base */ = {isa = PBXFileReference; lastKnownFileType = file.storyboard; name = Base; path = Base.lproj/LaunchScreen.storyboard; sourceTree = "<group>"; };
		D753691D247405A500144A26 /* Info.plist */ = {isa = PBXFileReference; lastKnownFileType = text.plist.xml; path = Info.plist; sourceTree = "<group>"; };
		D7536922247405A600144A26 /* lab10Tests.xctest */ = {isa = PBXFileReference; explicitFileType = wrapper.cfbundle; includeInIndex = 0; path = lab10Tests.xctest; sourceTree = BUILT_PRODUCTS_DIR; };
		D7536926247405A600144A26 /* lab10Tests.swift */ = {isa = PBXFileReference; lastKnownFileType = sourcecode.swift; path = lab10Tests.swift; sourceTree = "<group>"; };
		D7536928247405A600144A26 /* Info.plist */ = {isa = PBXFileReference; lastKnownFileType = text.plist.xml; path = Info.plist; sourceTree = "<group>"; };
		D753692D247405A600144A26 /* lab10UITests.xctest */ = {isa = PBXFileReference; explicitFileType = wrapper.cfbundle; includeInIndex = 0; path = lab10UITests.xctest; sourceTree = BUILT_PRODUCTS_DIR; };
		D7536931247405A600144A26 /* lab10UITests.swift */ = {isa = PBXFileReference; lastKnownFileType = sourcecode.swift; path = lab10UITests.swift; sourceTree = "<group>"; };
		D7536933247405A600144A26 /* Info.plist */ = {isa = PBXFileReference; lastKnownFileType = text.plist.xml; path = Info.plist; sourceTree = "<group>"; };
		D75369452474544900144A26 /* ArticleRow.swift */ = {isa = PBXFileReference; lastKnownFileType = sourcecode.swift; path = ArticleRow.swift; sourceTree = "<group>"; };
		D75369472474547400144A26 /* Article.swift */ = {isa = PBXFileReference; lastKnownFileType = sourcecode.swift; path = Article.swift; sourceTree = "<group>"; };
		D7536949247456BE00144A26 /* ArticleList.swift */ = {isa = PBXFileReference; lastKnownFileType = sourcecode.swift; path = ArticleList.swift; sourceTree = "<group>"; };
		D753694B2474579300144A26 /* ArticleView.swift */ = {isa = PBXFileReference; lastKnownFileType = sourcecode.swift; path = ArticleView.swift; sourceTree = "<group>"; };
/* End PBXFileReference section */

/* Begin PBXFrameworksBuildPhase section */
		D7536909247405A200144A26 /* Frameworks */ = {
			isa = PBXFrameworksBuildPhase;
			buildActionMask = 2147483647;
			files = (
			);
			runOnlyForDeploymentPostprocessing = 0;
		};
		D753691F247405A600144A26 /* Frameworks */ = {
			isa = PBXFrameworksBuildPhase;
			buildActionMask = 2147483647;
			files = (
			);
			runOnlyForDeploymentPostprocessing = 0;
		};
		D753692A247405A600144A26 /* Frameworks */ = {
			isa = PBXFrameworksBuildPhase;
			buildActionMask = 2147483647;
			files = (
			);
			runOnlyForDeploymentPostprocessing = 0;
		};
/* End PBXFrameworksBuildPhase section */

/* Begin PBXGroup section */
		D7536903247405A200144A26 = {
			isa = PBXGroup;
			children = (
				D753690E247405A200144A26 /* lab10 */,
				D7536925247405A600144A26 /* lab10Tests */,
				D7536930247405A600144A26 /* lab10UITests */,
				D753690D247405A200144A26 /* Products */,
			);
			sourceTree = "<group>";
		};
		D753690D247405A200144A26 /* Products */ = {
			isa = PBXGroup;
			children = (
				D753690C247405A200144A26 /* lab10.app */,
				D7536922247405A600144A26 /* lab10Tests.xctest */,
				D753692D247405A600144A26 /* lab10UITests.xctest */,
			);
			name = Products;
			sourceTree = "<group>";
		};
		D753690E247405A200144A26 /* lab10 */ = {
			isa = PBXGroup;
			children = (
				D753690F247405A200144A26 /* AppDelegate.swift */,
				D7536911247405A200144A26 /* SceneDelegate.swift */,
				D7536913247405A200144A26 /* ContentView.swift */,
				D7536915247405A500144A26 /* Assets.xcassets */,
				D753691A247405A500144A26 /* LaunchScreen.storyboard */,
				D753691D247405A500144A26 /* Info.plist */,
				D7536917247405A500144A26 /* Preview Content */,
				D75369452474544900144A26 /* ArticleRow.swift */,
				D75369472474547400144A26 /* Article.swift */,
				D7536949247456BE00144A26 /* ArticleList.swift */,
				D753694B2474579300144A26 /* ArticleView.swift */,
			);
			path = lab10;
			sourceTree = "<group>";
		};
		D7536917247405A500144A26 /* Preview Content */ = {
			isa = PBXGroup;
			children = (
				D7536918247405A500144A26 /* Preview Assets.xcassets */,
			);
			path = "Preview Content";
			sourceTree = "<group>";
		};
		D7536925247405A600144A26 /* lab10Tests */ = {
			isa = PBXGroup;
			children = (
				D7536926247405A600144A26 /* lab10Tests.swift */,
				D7536928247405A600144A26 /* Info.plist */,
			);
			path = lab10Tests;
			sourceTree = "<group>";
		};
		D7536930247405A600144A26 /* lab10UITests */ = {
			isa = PBXGroup;
			children = (
				D7536931247405A600144A26 /* lab10UITests.swift */,
				D7536933247405A600144A26 /* Info.plist */,
			);
			path = lab10UITests;
			sourceTree = "<group>";
		};
/* End PBXGroup section */

/* Begin PBXNativeTarget section */
		D753690B247405A200144A26 /* lab10 */ = {
			isa = PBXNativeTarget;
			buildConfigurationList = D7536936247405A600144A26 /* Build configuration list for PBXNativeTarget "lab10" */;
			buildPhases = (
				D7536908247405A200144A26 /* Sources */,
				D7536909247405A200144A26 /* Frameworks */,
				D753690A247405A200144A26 /* Resources */,
			);
			buildRules = (
			);
			dependencies = (
			);
			name = lab10;
			productName = lab10;
			productReference = D753690C247405A200144A26 /* lab10.app */;
			productType = "com.apple.product-type.application";
		};
		D7536921247405A600144A26 /* lab10Tests */ = {
			isa = PBXNativeTarget;
			buildConfigurationList = D7536939247405A600144A26 /* Build configuration list for PBXNativeTarget "lab10Tests" */;
			buildPhases = (
				D753691E247405A600144A26 /* Sources */,
				D753691F247405A600144A26 /* Frameworks */,
				D7536920247405A600144A26 /* Resources */,
			);
			buildRules = (
			);
			dependencies = (
				D7536924247405A600144A26 /* PBXTargetDependency */,
			);
			name = lab10Tests;
			productName = lab10Tests;
			productReference = D7536922247405A600144A26 /* lab10Tests.xctest */;
			productType = "com.apple.product-type.bundle.unit-test";
		};
		D753692C247405A600144A26 /* lab10UITests */ = {
			isa = PBXNativeTarget;
			buildConfigurationList = D753693C247405A600144A26 /* Build configuration list for PBXNativeTarget "lab10UITests" */;
			buildPhases = (
				D7536929247405A600144A26 /* Sources */,
				D753692A247405A600144A26 /* Frameworks */,
				D753692B247405A600144A26 /* Resources */,
			);
			buildRules = (
			);
			dependencies = (
				D753692F247405A600144A26 /* PBXTargetDependency */,
			);
			name = lab10UITests;
			productName = lab10UITests;
			productReference = D753692D247405A600144A26 /* lab10UITests.xctest */;
			productType = "com.apple.product-type.bundle.ui-testing";
		};
/* End PBXNativeTarget section */

/* Begin PBXProject section */
		D7536904247405A200144A26 /* Project object */ = {
			isa = PBXProject;
			attributes = {
				LastSwiftUpdateCheck = 1140;
				LastUpgradeCheck = 1140;
				ORGANIZATIONNAME = "黃俊維";
				TargetAttributes = {
					D753690B247405A200144A26 = {
						CreatedOnToolsVersion = 11.4.1;
					};
					D7536921247405A600144A26 = {
						CreatedOnToolsVersion = 11.4.1;
						TestTargetID = D753690B247405A200144A26;
					};
					D753692C247405A600144A26 = {
						CreatedOnToolsVersion = 11.4.1;
						TestTargetID = D753690B247405A200144A26;
					};
				};
			};
			buildConfigurationList = D7536907247405A200144A26 /* Build configuration list for PBXProject "lab10" */;
			compatibilityVersion = "Xcode 9.3";
			developmentRegion = en;
			hasScannedForEncodings = 0;
			knownRegions = (
				en,
				Base,
			);
			mainGroup = D7536903247405A200144A26;
			productRefGroup = D753690D247405A200144A26 /* Products */;
			projectDirPath = "";
			projectRoot = "";
			targets = (
				D753690B247405A200144A26 /* lab10 */,
				D7536921247405A600144A26 /* lab10Tests */,
				D753692C247405A600144A26 /* lab10UITests */,
			);
		};
/* End PBXProject section */

/* Begin PBXResourcesBuildPhase section */
		D753690A247405A200144A26 /* Resources */ = {
			isa = PBXResourcesBuildPhase;
			buildActionMask = 2147483647;
			files = (
				D753691C247405A500144A26 /* LaunchScreen.storyboard in Resources */,
				D7536919247405A500144A26 /* Preview Assets.xcassets in Resources */,
				D7536916247405A500144A26 /* Assets.xcassets in Resources */,
			);
			runOnlyForDeploymentPostprocessing = 0;
		};
		D7536920247405A600144A26 /* Resources */ = {
			isa = PBXResourcesBuildPhase;
			buildActionMask = 2147483647;
			files = (
			);
			runOnlyForDeploymentPostprocessing = 0;
		};
		D753692B247405A600144A26 /* Resources */ = {
			isa = PBXResourcesBuildPhase;
			buildActionMask = 2147483647;
			files = (
			);
			runOnlyForDeploymentPostprocessing = 0;
		};
/* End PBXResourcesBuildPhase section */

/* Begin PBXSourcesBuildPhase section */
		D7536908247405A200144A26 /* Sources */ = {
			isa = PBXSourcesBuildPhase;
			buildActionMask = 2147483647;
			files = (
				D7536910247405A200144A26 /* AppDelegate.swift in Sources */,
				D7536912247405A200144A26 /* SceneDelegate.swift in Sources */,
				D753694A247456BE00144A26 /* ArticleList.swift in Sources */,
				D7536914247405A200144A26 /* ContentView.swift in Sources */,
				D75369462474544900144A26 /* ArticleRow.swift in Sources */,
				D753694C2474579300144A26 /* ArticleView.swift in Sources */,
				D75369482474547400144A26 /* Article.swift in Sources */,
			);
			runOnlyForDeploymentPostprocessing = 0;
		};
		D753691E247405A600144A26 /* Sources */ = {
			isa = PBXSourcesBuildPhase;
			buildActionMask = 2147483647;
			files = (
				D7536927247405A600144A26 /* lab10Tests.swift in Sources */,
			);
			runOnlyForDeploymentPostprocessing = 0;
		};
		D7536929247405A600144A26 /* Sources */ = {
			isa = PBXSourcesBuildPhase;
			buildActionMask = 2147483647;
			files = (
				D7536932247405A600144A26 /* lab10UITests.swift in Sources */,
			);
			runOnlyForDeploymentPostprocessing = 0;
		};
/* End PBXSourcesBuildPhase section */

/* Begin PBXTargetDependency section */
		D7536924247405A600144A26 /* PBXTargetDependency */ = {
			isa = PBXTargetDependency;
			target = D753690B247405A200144A26 /* lab10 */;
			targetProxy = D7536923247405A600144A26 /* PBXContainerItemProxy */;
		};
		D753692F247405A600144A26 /* PBXTargetDependency */ = {
			isa = PBXTargetDependency;
			target = D753690B247405A200144A26 /* lab10 */;
			targetProxy = D753692E247405A600144A26 /* PBXContainerItemProxy */;
		};
/* End PBXTargetDependency section */

/* Begin PBXVariantGroup section */
		D753691A247405A500144A26 /* LaunchScreen.storyboard */ = {
			isa = PBXVariantGroup;
			children = (
				D753691B247405A500144A26 /* Base */,
			);
			name = LaunchScreen.storyboard;
			sourceTree = "<group>";
		};
/* End PBXVariantGroup section */

/* Begin XCBuildConfiguration section */
		D7536934247405A600144A26 /* Debug */ = {
			isa = XCBuildConfiguration;
			buildSettings = {
				ALWAYS_SEARCH_USER_PATHS = NO;
				CLANG_ANALYZER_NONNULL = YES;
				CLANG_ANALYZER_NUMBER_OBJECT_CONVERSION = YES_AGGRESSIVE;
				CLANG_CXX_LANGUAGE_STANDARD = "gnu++14";
				CLANG_CXX_LIBRARY = "libc++";
				CLANG_ENABLE_MODULES = YES;
				CLANG_ENABLE_OBJC_ARC = YES;
				CLANG_ENABLE_OBJC_WEAK = YES;
				CLANG_WARN_BLOCK_CAPTURE_AUTORELEASING = YES;
				CLANG_WARN_BOOL_CONVERSION = YES;
				CLANG_WARN_COMMA = YES;
				CLANG_WARN_CONSTANT_CONVERSION = YES;
				CLANG_WARN_DEPRECATED_OBJC_IMPLEMENTATIONS = YES;
				CLANG_WARN_DIRECT_OBJC_ISA_USAGE = YES_ERROR;
				CLANG_WARN_DOCUMENTATION_COMMENTS = YES;
				CLANG_WARN_EMPTY_BODY = YES;
				CLANG_WARN_ENUM_CONVERSION = YES;
				CLANG_WARN_INFINITE_RECURSION = YES;
				CLANG_WARN_INT_CONVERSION = YES;
				CLANG_WARN_NON_LITERAL_NULL_CONVERSION = YES;
				CLANG_WARN_OBJC_IMPLICIT_RETAIN_SELF = YES;
				CLANG_WARN_OBJC_LITERAL_CONVERSION = YES;
				CLANG_WARN_OBJC_ROOT_CLASS = YES_ERROR;
				CLANG_WARN_RANGE_LOOP_ANALYSIS = YES;
				CLANG_WARN_STRICT_PROTOTYPES = YES;
				CLANG_WARN_SUSPICIOUS_MOVE = YES;
				CLANG_WARN_UNGUARDED_AVAILABILITY = YES_AGGRESSIVE;
				CLANG_WARN_UNREACHABLE_CODE = YES;
				CLANG_WARN__DUPLICATE_METHOD_MATCH = YES;
				COPY_PHASE_STRIP = NO;
				DEBUG_INFORMATION_FORMAT = dwarf;
				ENABLE_STRICT_OBJC_MSGSEND = YES;
				ENABLE_TESTABILITY = YES;
				GCC_C_LANGUAGE_STANDARD = gnu11;
				GCC_DYNAMIC_NO_PIC = NO;
				GCC_NO_COMMON_BLOCKS = YES;
				GCC_OPTIMIZATION_LEVEL = 0;
				GCC_PREPROCESSOR_DEFINITIONS = (
					"DEBUG=1",
					"$(inherited)",
				);
				GCC_WARN_64_TO_32_BIT_CONVERSION = YES;
				GCC_WARN_ABOUT_RETURN_TYPE = YES_ERROR;
				GCC_WARN_UNDECLARED_SELECTOR = YES;
				GCC_WARN_UNINITIALIZED_AUTOS = YES_AGGRESSIVE;
				GCC_WARN_UNUSED_FUNCTION = YES;
				GCC_WARN_UNUSED_VARIABLE = YES;
				IPHONEOS_DEPLOYMENT_TARGET = 13.4;
				MTL_ENABLE_DEBUG_INFO = INCLUDE_SOURCE;
				MTL_FAST_MATH = YES;
				ONLY_ACTIVE_ARCH = YES;
				SDKROOT = iphoneos;
				SWIFT_ACTIVE_COMPILATION_CONDITIONS = DEBUG;
				SWIFT_OPTIMIZATION_LEVEL = "-Onone";
			};
			name = Debug;
		};
		D7536935247405A600144A26 /* Release */ = {
			isa = XCBuildConfiguration;
			buildSettings = {
				ALWAYS_SEARCH_USER_PATHS = NO;
				CLANG_ANALYZER_NONNULL = YES;
				CLANG_ANALYZER_NUMBER_OBJECT_CONVERSION = YES_AGGRESSIVE;
				CLANG_CXX_LANGUAGE_STANDARD = "gnu++14";
				CLANG_CXX_LIBRARY = "libc++";
				CLANG_ENABLE_MODULES = YES;
				CLANG_ENABLE_OBJC_ARC = YES;
				CLANG_ENABLE_OBJC_WEAK = YES;
				CLANG_WARN_BLOCK_CAPTURE_AUTORELEASING = YES;
				CLANG_WARN_BOOL_CONVERSION = YES;
				CLANG_WARN_COMMA = YES;
				CLANG_WARN_CONSTANT_CONVERSION = YES;
				CLANG_WARN_DEPRECATED_OBJC_IMPLEMENTATIONS = YES;
				CLANG_WARN_DIRECT_OBJC_ISA_USAGE = YES_ERROR;
				CLANG_WARN_DOCUMENTATION_COMMENTS = YES;
				CLANG_WARN_EMPTY_BODY = YES;
				CLANG_WARN_ENUM_CONVERSION = YES;
				CLANG_WARN_INFINITE_RECURSION = YES;
				CLANG_WARN_INT_CONVERSION = YES;
				CLANG_WARN_NON_LITERAL_NULL_CONVERSION = YES;
				CLANG_WARN_OBJC_IMPLICIT_RETAIN_SELF = YES;
				CLANG_WARN_OBJC_LITERAL_CONVERSION = YES;
				CLANG_WARN_OBJC_ROOT_CLASS = YES_ERROR;
				CLANG_WARN_RANGE_LOOP_ANALYSIS = YES;
				CLANG_WARN_STRICT_PROTOTYPES = YES;
				CLANG_WARN_SUSPICIOUS_MOVE = YES;
				CLANG_WARN_UNGUARDED_AVAILABILITY = YES_AGGRESSIVE;
				CLANG_WARN_UNREACHABLE_CODE = YES;
				CLANG_WARN__DUPLICATE_METHOD_MATCH = YES;
				COPY_PHASE_STRIP = NO;
				DEBUG_INFORMATION_FORMAT = "dwarf-with-dsym";
				ENABLE_NS_ASSERTIONS = NO;
				ENABLE_STRICT_OBJC_MSGSEND = YES;
				GCC_C_LANGUAGE_STANDARD = gnu11;
				GCC_NO_COMMON_BLOCKS = YES;
				GCC_WARN_64_TO_32_BIT_CONVERSION = YES;
				GCC_WARN_ABOUT_RETURN_TYPE = YES_ERROR;
				GCC_WARN_UNDECLARED_SELECTOR = YES;
				GCC_WARN_UNINITIALIZED_AUTOS = YES_AGGRESSIVE;
				GCC_WARN_UNUSED_FUNCTION = YES;
				GCC_WARN_UNUSED_VARIABLE = YES;
				IPHONEOS_DEPLOYMENT_TARGET = 13.4;
				MTL_ENABLE_DEBUG_INFO = NO;
				MTL_FAST_MATH = YES;
				SDKROOT = iphoneos;
				SWIFT_COMPILATION_MODE = wholemodule;
				SWIFT_OPTIMIZATION_LEVEL = "-O";
				VALIDATE_PRODUCT = YES;
			};
			name = Release;
		};
		D7536937247405A600144A26 /* Debug */ = {
			isa = XCBuildConfiguration;
			buildSettings = {
				ASSETCATALOG_COMPILER_APPICON_NAME = AppIcon;
				CODE_SIGN_STYLE = Automatic;
				DEVELOPMENT_ASSET_PATHS = "\"lab10/Preview Content\"";
				ENABLE_PREVIEWS = YES;
				INFOPLIST_FILE = lab10/Info.plist;
				LD_RUNPATH_SEARCH_PATHS = (
					"$(inherited)",
					"@executable_path/Frameworks",
				);
				PRODUCT_BUNDLE_IDENTIFIER = com.jwh.lab10;
				PRODUCT_NAME = "$(TARGET_NAME)";
				SWIFT_VERSION = 5.0;
				TARGETED_DEVICE_FAMILY = "1,2";
			};
			name = Debug;
		};
		D7536938247405A600144A26 /* Release */ = {
			isa = XCBuildConfiguration;
			buildSettings = {
				ASSETCATALOG_COMPILER_APPICON_NAME = AppIcon;
				CODE_SIGN_STYLE = Automatic;
				DEVELOPMENT_ASSET_PATHS = "\"lab10/Preview Content\"";
				ENABLE_PREVIEWS = YES;
				INFOPLIST_FILE = lab10/Info.plist;
				LD_RUNPATH_SEARCH_PATHS = (
					"$(inherited)",
					"@executable_path/Frameworks",
				);
				PRODUCT_BUNDLE_IDENTIFIER = com.jwh.lab10;
				PRODUCT_NAME = "$(TARGET_NAME)";
				SWIFT_VERSION = 5.0;
				TARGETED_DEVICE_FAMILY = "1,2";
			};
			name = Release;
		};
		D753693A247405A600144A26 /* Debug */ = {
			isa = XCBuildConfiguration;
			buildSettings = {
				ALWAYS_EMBED_SWIFT_STANDARD_LIBRARIES = YES;
				BUNDLE_LOADER = "$(TEST_HOST)";
				CODE_SIGN_STYLE = Automatic;
				INFOPLIST_FILE = lab10Tests/Info.plist;
				IPHONEOS_DEPLOYMENT_TARGET = 13.4;
				LD_RUNPATH_SEARCH_PATHS = (
					"$(inherited)",
					"@executable_path/Frameworks",
					"@loader_path/Frameworks",
				);
				PRODUCT_BUNDLE_IDENTIFIER = com.jwh.lab10Tests;
				PRODUCT_NAME = "$(TARGET_NAME)";
				SWIFT_VERSION = 5.0;
				TARGETED_DEVICE_FAMILY = "1,2";
				TEST_HOST = "$(BUILT_PRODUCTS_DIR)/lab10.app/lab10";
			};
			name = Debug;
		};
		D753693B247405A600144A26 /* Release */ = {
			isa = XCBuildConfiguration;
			buildSettings = {
				ALWAYS_EMBED_SWIFT_STANDARD_LIBRARIES = YES;
				BUNDLE_LOADER = "$(TEST_HOST)";
				CODE_SIGN_STYLE = Automatic;
				INFOPLIST_FILE = lab10Tests/Info.plist;
				IPHONEOS_DEPLOYMENT_TARGET = 13.4;
				LD_RUNPATH_SEARCH_PATHS = (
					"$(inherited)",
					"@executable_path/Frameworks",
					"@loader_path/Frameworks",
				);
				PRODUCT_BUNDLE_IDENTIFIER = com.jwh.lab10Tests;
				PRODUCT_NAME = "$(TARGET_NAME)";
				SWIFT_VERSION = 5.0;
				TARGETED_DEVICE_FAMILY = "1,2";
				TEST_HOST = "$(BUILT_PRODUCTS_DIR)/lab10.app/lab10";
			};
			name = Release;
		};
		D753693D247405A600144A26 /* Debug */ = {
			isa = XCBuildConfiguration;
			buildSettings = {
				ALWAYS_EMBED_SWIFT_STANDARD_LIBRARIES = YES;
				CODE_SIGN_STYLE = Automatic;
				INFOPLIST_FILE = lab10UITests/Info.plist;
				LD_RUNPATH_SEARCH_PATHS = (
					"$(inherited)",
					"@executable_path/Frameworks",
					"@loader_path/Frameworks",
				);
				PRODUCT_BUNDLE_IDENTIFIER = com.jwh.lab10UITests;
				PRODUCT_NAME = "$(TARGET_NAME)";
				SWIFT_VERSION = 5.0;
				TARGETED_DEVICE_FAMILY = "1,2";
				TEST_TARGET_NAME = lab10;
			};
			name = Debug;
		};
		D753693E247405A600144A26 /* Release */ = {
			isa = XCBuildConfiguration;
			buildSettings = {
				ALWAYS_EMBED_SWIFT_STANDARD_LIBRARIES = YES;
				CODE_SIGN_STYLE = Automatic;
				INFOPLIST_FILE = lab10UITests/Info.plist;
				LD_RUNPATH_SEARCH_PATHS = (
					"$(inherited)",
					"@executable_path/Frameworks",
					"@loader_path/Frameworks",
				);
				PRODUCT_BUNDLE_IDENTIFIER = com.jwh.lab10UITests;
				PRODUCT_NAME = "$(TARGET_NAME)";
				SWIFT_VERSION = 5.0;
				TARGETED_DEVICE_FAMILY = "1,2";
				TEST_TARGET_NAME = lab10;
			};
			name = Release;
		};
/* End XCBuildConfiguration section */

/* Begin XCConfigurationList section */
		D7536907247405A200144A26 /* Build configuration list for PBXProject "lab10" */ = {
			isa = XCConfigurationList;
			buildConfigurations = (
				D7536934247405A600144A26 /* Debug */,
				D7536935247405A600144A26 /* Release */,
			);
			defaultConfigurationIsVisible = 0;
			defaultConfigurationName = Release;
		};
		D7536936247405A600144A26 /* Build configuration list for PBXNativeTarget "lab10" */ = {
			isa = XCConfigurationList;
			buildConfigurations = (
				D7536937247405A600144A26 /* Debug */,
				D7536938247405A600144A26 /* Release */,
			);
			defaultConfigurationIsVisible = 0;
			defaultConfigurationName = Release;
		};
		D7536939247405A600144A26 /* Build configuration list for PBXNativeTarget "lab10Tests" */ = {
			isa = XCConfigurationList;
			buildConfigurations = (
				D753693A247405A600144A26 /* Debug */,
				D753693B247405A600144A26 /* Release */,
			);
			defaultConfigurationIsVisible = 0;
			defaultConfigurationName = Release;
		};
		D753693C247405A600144A26 /* Build configuration list for PBXNativeTarget "lab10UITests" */ = {
			isa = XCConfigurationList;
			buildConfigurations = (
				D753693D247405A600144A26 /* Debug */,
				D753693E247405A600144A26 /* Release */,
			);
			defaultConfigurationIsVisible = 0;
			defaultConfigurationName = Release;
		};
/* End XCConfigurationList section */
	};
	rootObject = D7536904247405A200144A26 /* Project object */;
}
