// !$*UTF8*$!
{
	archiveVersion = 1;
	classes = {
	};
	objectVersion = 50;
	objects = {

/* Begin PBXBuildFile section */
		BDFF7EEE247D550E008F7F46 /* AppDelegate.swift in Sources */ = {isa = PBXBuildFile; fileRef = BDFF7EED247D550E008F7F46 /* AppDelegate.swift */; };
		BDFF7EF0247D550E008F7F46 /* SceneDelegate.swift in Sources */ = {isa = PBXBuildFile; fileRef = BDFF7EEF247D550E008F7F46 /* SceneDelegate.swift */; };
		BDFF7EF2247D550E008F7F46 /* ContentView.swift in Sources */ = {isa = PBXBuildFile; fileRef = BDFF7EF1247D550E008F7F46 /* ContentView.swift */; };
		BDFF7EF4247D5510008F7F46 /* Assets.xcassets in Resources */ = {isa = PBXBuildFile; fileRef = BDFF7EF3247D5510008F7F46 /* Assets.xcassets */; };
		BDFF7EF7247D5510008F7F46 /* Preview Assets.xcassets in Resources */ = {isa = PBXBuildFile; fileRef = BDFF7EF6247D5510008F7F46 /* Preview Assets.xcassets */; };
		BDFF7EFA247D5510008F7F46 /* LaunchScreen.storyboard in Resources */ = {isa = PBXBuildFile; fileRef = BDFF7EF8247D5510008F7F46 /* LaunchScreen.storyboard */; };
		BDFF7F02247D55FB008F7F46 /* TextView.swift in Sources */ = {isa = PBXBuildFile; fileRef = BDFF7F01247D55FB008F7F46 /* TextView.swift */; };
		BDFF7F04247D5B9F008F7F46 /* ActivityViewController.swift in Sources */ = {isa = PBXBuildFile; fileRef = BDFF7F03247D5B9F008F7F46 /* ActivityViewController.swift */; };
/* End PBXBuildFile section */

/* Begin PBXFileReference section */
		BDFF7EEA247D550E008F7F46 /* lab11.app */ = {isa = PBXFileReference; explicitFileType = wrapper.application; includeInIndex = 0; path = lab11.app; sourceTree = BUILT_PRODUCTS_DIR; };
		BDFF7EED247D550E008F7F46 /* AppDelegate.swift */ = {isa = PBXFileReference; lastKnownFileType = sourcecode.swift; path = AppDelegate.swift; sourceTree = "<group>"; };
		BDFF7EEF247D550E008F7F46 /* SceneDelegate.swift */ = {isa = PBXFileReference; lastKnownFileType = sourcecode.swift; path = SceneDelegate.swift; sourceTree = "<group>"; };
		BDFF7EF1247D550E008F7F46 /* ContentView.swift */ = {isa = PBXFileReference; lastKnownFileType = sourcecode.swift; path = ContentView.swift; sourceTree = "<group>"; };
		BDFF7EF3247D5510008F7F46 /* Assets.xcassets */ = {isa = PBXFileReference; lastKnownFileType = folder.assetcatalog; path = Assets.xcassets; sourceTree = "<group>"; };
		BDFF7EF6247D5510008F7F46 /* Preview Assets.xcassets */ = {isa = PBXFileReference; lastKnownFileType = folder.assetcatalog; path = "Preview Assets.xcassets"; sourceTree = "<group>"; };
		BDFF7EF9247D5510008F7F46 /* Base */ = {isa = PBXFileReference; lastKnownFileType = file.storyboard; name = Base; path = Base.lproj/LaunchScreen.storyboard; sourceTree = "<group>"; };
		BDFF7EFB247D5510008F7F46 /* Info.plist */ = {isa = PBXFileReference; lastKnownFileType = text.plist.xml; path = Info.plist; sourceTree = "<group>"; };
		BDFF7F01247D55FB008F7F46 /* TextView.swift */ = {isa = PBXFileReference; lastKnownFileType = sourcecode.swift; path = TextView.swift; sourceTree = "<group>"; };
		BDFF7F03247D5B9F008F7F46 /* ActivityViewController.swift */ = {isa = PBXFileReference; lastKnownFileType = sourcecode.swift; path = ActivityViewController.swift; sourceTree = "<group>"; };
/* End PBXFileReference section */

/* Begin PBXFrameworksBuildPhase section */
		BDFF7EE7247D550E008F7F46 /* Frameworks */ = {
			isa = PBXFrameworksBuildPhase;
			buildActionMask = 2147483647;
			files = (
			);
			runOnlyForDeploymentPostprocessing = 0;
		};
/* End PBXFrameworksBuildPhase section */

/* Begin PBXGroup section */
		BDFF7EE1247D550E008F7F46 = {
			isa = PBXGroup;
			children = (
				BDFF7EEC247D550E008F7F46 /* lab11 */,
				BDFF7EEB247D550E008F7F46 /* Products */,
			);
			sourceTree = "<group>";
		};
		BDFF7EEB247D550E008F7F46 /* Products */ = {
			isa = PBXGroup;
			children = (
				BDFF7EEA247D550E008F7F46 /* lab11.app */,
			);
			name = Products;
			sourceTree = "<group>";
		};
		BDFF7EEC247D550E008F7F46 /* lab11 */ = {
			isa = PBXGroup;
			children = (
				BDFF7EED247D550E008F7F46 /* AppDelegate.swift */,
				BDFF7EEF247D550E008F7F46 /* SceneDelegate.swift */,
				BDFF7EF1247D550E008F7F46 /* ContentView.swift */,
				BDFF7EF3247D5510008F7F46 /* Assets.xcassets */,
				BDFF7EF8247D5510008F7F46 /* LaunchScreen.storyboard */,
				BDFF7EFB247D5510008F7F46 /* Info.plist */,
				BDFF7EF5247D5510008F7F46 /* Preview Content */,
				BDFF7F01247D55FB008F7F46 /* TextView.swift */,
				BDFF7F03247D5B9F008F7F46 /* ActivityViewController.swift */,
			);
			path = lab11;
			sourceTree = "<group>";
		};
		BDFF7EF5247D5510008F7F46 /* Preview Content */ = {
			isa = PBXGroup;
			children = (
				BDFF7EF6247D5510008F7F46 /* Preview Assets.xcassets */,
			);
			path = "Preview Content";
			sourceTree = "<group>";
		};
/* End PBXGroup section */

/* Begin PBXNativeTarget section */
		BDFF7EE9247D550E008F7F46 /* lab11 */ = {
			isa = PBXNativeTarget;
			buildConfigurationList = BDFF7EFE247D5510008F7F46 /* Build configuration list for PBXNativeTarget "lab11" */;
			buildPhases = (
				BDFF7EE6247D550E008F7F46 /* Sources */,
				BDFF7EE7247D550E008F7F46 /* Frameworks */,
				BDFF7EE8247D550E008F7F46 /* Resources */,
			);
			buildRules = (
			);
			dependencies = (
			);
			name = lab11;
			productName = lab11;
			productReference = BDFF7EEA247D550E008F7F46 /* lab11.app */;
			productType = "com.apple.product-type.application";
		};
/* End PBXNativeTarget section */

/* Begin PBXProject section */
		BDFF7EE2247D550E008F7F46 /* Project object */ = {
			isa = PBXProject;
			attributes = {
				LastSwiftUpdateCheck = 1130;
				LastUpgradeCheck = 1130;
				ORGANIZATIONNAME = 105590028;
				TargetAttributes = {
					BDFF7EE9247D550E008F7F46 = {
						CreatedOnToolsVersion = 11.3.1;
					};
				};
			};
			buildConfigurationList = BDFF7EE5247D550E008F7F46 /* Build configuration list for PBXProject "lab11" */;
			compatibilityVersion = "Xcode 9.3";
			developmentRegion = en;
			hasScannedForEncodings = 0;
			knownRegions = (
				en,
				Base,
			);
			mainGroup = BDFF7EE1247D550E008F7F46;
			productRefGroup = BDFF7EEB247D550E008F7F46 /* Products */;
			projectDirPath = "";
			projectRoot = "";
			targets = (
				BDFF7EE9247D550E008F7F46 /* lab11 */,
			);
		};
/* End PBXProject section */

/* Begin PBXResourcesBuildPhase section */
		BDFF7EE8247D550E008F7F46 /* Resources */ = {
			isa = PBXResourcesBuildPhase;
			buildActionMask = 2147483647;
			files = (
				BDFF7EFA247D5510008F7F46 /* LaunchScreen.storyboard in Resources */,
				BDFF7EF7247D5510008F7F46 /* Preview Assets.xcassets in Resources */,
				BDFF7EF4247D5510008F7F46 /* Assets.xcassets in Resources */,
			);
			runOnlyForDeploymentPostprocessing = 0;
		};
/* End PBXResourcesBuildPhase section */

/* Begin PBXSourcesBuildPhase section */
		BDFF7EE6247D550E008F7F46 /* Sources */ = {
			isa = PBXSourcesBuildPhase;
			buildActionMask = 2147483647;
			files = (
				BDFF7EEE247D550E008F7F46 /* AppDelegate.swift in Sources */,
				BDFF7F02247D55FB008F7F46 /* TextView.swift in Sources */,
				BDFF7EF0247D550E008F7F46 /* SceneDelegate.swift in Sources */,
				BDFF7F04247D5B9F008F7F46 /* ActivityViewController.swift in Sources */,
				BDFF7EF2247D550E008F7F46 /* ContentView.swift in Sources */,
			);
			runOnlyForDeploymentPostprocessing = 0;
		};
/* End PBXSourcesBuildPhase section */

/* Begin PBXVariantGroup section */
		BDFF7EF8247D5510008F7F46 /* LaunchScreen.storyboard */ = {
			isa = PBXVariantGroup;
			children = (
				BDFF7EF9247D5510008F7F46 /* Base */,
			);
			name = LaunchScreen.storyboard;
			sourceTree = "<group>";
		};
/* End PBXVariantGroup section */

/* Begin XCBuildConfiguration section */
		BDFF7EFC247D5510008F7F46 /* Debug */ = {
			isa = XCBuildConfiguration;
			buildSettings = {
				ALWAYS_SEARCH_USER_PATHS = NO;
				CLANG_ANALYZER_NONNULL = YES;
				CLANG_ANALYZER_NUMBER_OBJECT_CONVERSION = YES_AGGRESSIVE;
				CLANG_CXX_LANGUAGE_STANDARD = "gnu++14";
				CLANG_CXX_LIBRARY = "libc++";
				CLANG_ENABLE_MODULES = YES;
				CLANG_ENABLE_OBJC_ARC = YES;
				CLANG_ENABLE_OBJC_WEAK = YES;
				CLANG_WARN_BLOCK_CAPTURE_AUTORELEASING = YES;
				CLANG_WARN_BOOL_CONVERSION = YES;
				CLANG_WARN_COMMA = YES;
				CLANG_WARN_CONSTANT_CONVERSION = YES;
				CLANG_WARN_DEPRECATED_OBJC_IMPLEMENTATIONS = YES;
				CLANG_WARN_DIRECT_OBJC_ISA_USAGE = YES_ERROR;
				CLANG_WARN_DOCUMENTATION_COMMENTS = YES;
				CLANG_WARN_EMPTY_BODY = YES;
				CLANG_WARN_ENUM_CONVERSION = YES;
				CLANG_WARN_INFINITE_RECURSION = YES;
				CLANG_WARN_INT_CONVERSION = YES;
				CLANG_WARN_NON_LITERAL_NULL_CONVERSION = YES;
				CLANG_WARN_OBJC_IMPLICIT_RETAIN_SELF = YES;
				CLANG_WARN_OBJC_LITERAL_CONVERSION = YES;
				CLANG_WARN_OBJC_ROOT_CLASS = YES_ERROR;
				CLANG_WARN_RANGE_LOOP_ANALYSIS = YES;
				CLANG_WARN_STRICT_PROTOTYPES = YES;
				CLANG_WARN_SUSPICIOUS_MOVE = YES;
				CLANG_WARN_UNGUARDED_AVAILABILITY = YES_AGGRESSIVE;
				CLANG_WARN_UNREACHABLE_CODE = YES;
				CLANG_WARN__DUPLICATE_METHOD_MATCH = YES;
				COPY_PHASE_STRIP = NO;
				DEBUG_INFORMATION_FORMAT = dwarf;
				ENABLE_STRICT_OBJC_MSGSEND = YES;
				ENABLE_TESTABILITY = YES;
				GCC_C_LANGUAGE_STANDARD = gnu11;
				GCC_DYNAMIC_NO_PIC = NO;
				GCC_NO_COMMON_BLOCKS = YES;
				GCC_OPTIMIZATION_LEVEL = 0;
				GCC_PREPROCESSOR_DEFINITIONS = (
					"DEBUG=1",
					"$(inherited)",
				);
				GCC_WARN_64_TO_32_BIT_CONVERSION = YES;
				GCC_WARN_ABOUT_RETURN_TYPE = YES_ERROR;
				GCC_WARN_UNDECLARED_SELECTOR = YES;
				GCC_WARN_UNINITIALIZED_AUTOS = YES_AGGRESSIVE;
				GCC_WARN_UNUSED_FUNCTION = YES;
				GCC_WARN_UNUSED_VARIABLE = YES;
				IPHONEOS_DEPLOYMENT_TARGET = 13.2;
				MTL_ENABLE_DEBUG_INFO = INCLUDE_SOURCE;
				MTL_FAST_MATH = YES;
				ONLY_ACTIVE_ARCH = YES;
				SDKROOT = iphoneos;
				SWIFT_ACTIVE_COMPILATION_CONDITIONS = DEBUG;
				SWIFT_OPTIMIZATION_LEVEL = "-Onone";
			};
			name = Debug;
		};
		BDFF7EFD247D5510008F7F46 /* Release */ = {
			isa = XCBuildConfiguration;
			buildSettings = {
				ALWAYS_SEARCH_USER_PATHS = NO;
				CLANG_ANALYZER_NONNULL = YES;
				CLANG_ANALYZER_NUMBER_OBJECT_CONVERSION = YES_AGGRESSIVE;
				CLANG_CXX_LANGUAGE_STANDARD = "gnu++14";
				CLANG_CXX_LIBRARY = "libc++";
				CLANG_ENABLE_MODULES = YES;
				CLANG_ENABLE_OBJC_ARC = YES;
				CLANG_ENABLE_OBJC_WEAK = YES;
				CLANG_WARN_BLOCK_CAPTURE_AUTORELEASING = YES;
				CLANG_WARN_BOOL_CONVERSION = YES;
				CLANG_WARN_COMMA = YES;
				CLANG_WARN_CONSTANT_CONVERSION = YES;
				CLANG_WARN_DEPRECATED_OBJC_IMPLEMENTATIONS = YES;
				CLANG_WARN_DIRECT_OBJC_ISA_USAGE = YES_ERROR;
				CLANG_WARN_DOCUMENTATION_COMMENTS = YES;
				CLANG_WARN_EMPTY_BODY = YES;
				CLANG_WARN_ENUM_CONVERSION = YES;
				CLANG_WARN_INFINITE_RECURSION = YES;
				CLANG_WARN_INT_CONVERSION = YES;
				CLANG_WARN_NON_LITERAL_NULL_CONVERSION = YES;
				CLANG_WARN_OBJC_IMPLICIT_RETAIN_SELF = YES;
				CLANG_WARN_OBJC_LITERAL_CONVERSION = YES;
				CLANG_WARN_OBJC_ROOT_CLASS = YES_ERROR;
				CLANG_WARN_RANGE_LOOP_ANALYSIS = YES;
				CLANG_WARN_STRICT_PROTOTYPES = YES;
				CLANG_WARN_SUSPICIOUS_MOVE = YES;
				CLANG_WARN_UNGUARDED_AVAILABILITY = YES_AGGRESSIVE;
				CLANG_WARN_UNREACHABLE_CODE = YES;
				CLANG_WARN__DUPLICATE_METHOD_MATCH = YES;
				COPY_PHASE_STRIP = NO;
				DEBUG_INFORMATION_FORMAT = "dwarf-with-dsym";
				ENABLE_NS_ASSERTIONS = NO;
				ENABLE_STRICT_OBJC_MSGSEND = YES;
				GCC_C_LANGUAGE_STANDARD = gnu11;
				GCC_NO_COMMON_BLOCKS = YES;
				GCC_WARN_64_TO_32_BIT_CONVERSION = YES;
				GCC_WARN_ABOUT_RETURN_TYPE = YES_ERROR;
				GCC_WARN_UNDECLARED_SELECTOR = YES;
				GCC_WARN_UNINITIALIZED_AUTOS = YES_AGGRESSIVE;
				GCC_WARN_UNUSED_FUNCTION = YES;
				GCC_WARN_UNUSED_VARIABLE = YES;
				IPHONEOS_DEPLOYMENT_TARGET = 13.2;
				MTL_ENABLE_DEBUG_INFO = NO;
				MTL_FAST_MATH = YES;
				SDKROOT = iphoneos;
				SWIFT_COMPILATION_MODE = wholemodule;
				SWIFT_OPTIMIZATION_LEVEL = "-O";
				VALIDATE_PRODUCT = YES;
			};
			name = Release;
		};
		BDFF7EFF247D5510008F7F46 /* Debug */ = {
			isa = XCBuildConfiguration;
			buildSettings = {
				ASSETCATALOG_COMPILER_APPICON_NAME = AppIcon;
				CODE_SIGN_STYLE = Automatic;
				DEVELOPMENT_ASSET_PATHS = "\"lab11/Preview Content\"";
				ENABLE_PREVIEWS = YES;
				INFOPLIST_FILE = lab11/Info.plist;
				LD_RUNPATH_SEARCH_PATHS = (
					"$(inherited)",
					"@executable_path/Frameworks",
				);
				PRODUCT_BUNDLE_IDENTIFIER = "-05590028.lab11";
				PRODUCT_NAME = "$(TARGET_NAME)";
				SWIFT_VERSION = 5.0;
				TARGETED_DEVICE_FAMILY = "1,2";
			};
			name = Debug;
		};
		BDFF7F00247D5510008F7F46 /* Release */ = {
			isa = XCBuildConfiguration;
			buildSettings = {
				ASSETCATALOG_COMPILER_APPICON_NAME = AppIcon;
				CODE_SIGN_STYLE = Automatic;
				DEVELOPMENT_ASSET_PATHS = "\"lab11/Preview Content\"";
				ENABLE_PREVIEWS = YES;
				INFOPLIST_FILE = lab11/Info.plist;
				LD_RUNPATH_SEARCH_PATHS = (
					"$(inherited)",
					"@executable_path/Frameworks",
				);
				PRODUCT_BUNDLE_IDENTIFIER = "-05590028.lab11";
				PRODUCT_NAME = "$(TARGET_NAME)";
				SWIFT_VERSION = 5.0;
				TARGETED_DEVICE_FAMILY = "1,2";
			};
			name = Release;
		};
/* End XCBuildConfiguration section */

/* Begin XCConfigurationList section */
		BDFF7EE5247D550E008F7F46 /* Build configuration list for PBXProject "lab11" */ = {
			isa = XCConfigurationList;
			buildConfigurations = (
				BDFF7EFC247D5510008F7F46 /* Debug */,
				BDFF7EFD247D5510008F7F46 /* Release */,
			);
			defaultConfigurationIsVisible = 0;
			defaultConfigurationName = Release;
		};
		BDFF7EFE247D5510008F7F46 /* Build configuration list for PBXNativeTarget "lab11" */ = {
			isa = XCConfigurationList;
			buildConfigurations = (
				BDFF7EFF247D5510008F7F46 /* Debug */,
				BDFF7F00247D5510008F7F46 /* Release */,
			);
			defaultConfigurationIsVisible = 0;
			defaultConfigurationName = Release;
		};
/* End XCConfigurationList section */
	};
	rootObject = BDFF7EE2247D550E008F7F46 /* Project object */;
}
