// !$*UTF8*$!
{
	archiveVersion = 1;
	classes = {
	};
	objectVersion = 50;
	objects = {

/* Begin PBXBuildFile section */
		D7B3614624669CB60076B0DC /* AppDelegate.swift in Sources */ = {isa = PBXBuildFile; fileRef = D7B3614524669CB60076B0DC /* AppDelegate.swift */; };
		D7B3614824669CB60076B0DC /* SceneDelegate.swift in Sources */ = {isa = PBXBuildFile; fileRef = D7B3614724669CB60076B0DC /* SceneDelegate.swift */; };
		D7B3614A24669CB60076B0DC /* ContentView.swift in Sources */ = {isa = PBXBuildFile; fileRef = D7B3614924669CB60076B0DC /* ContentView.swift */; };
		D7B3614C24669CB80076B0DC /* Assets.xcassets in Resources */ = {isa = PBXBuildFile; fileRef = D7B3614B24669CB80076B0DC /* Assets.xcassets */; };
		D7B3614F24669CB80076B0DC /* Preview Assets.xcassets in Resources */ = {isa = PBXBuildFile; fileRef = D7B3614E24669CB80076B0DC /* Preview Assets.xcassets */; };
		D7B3615224669CB80076B0DC /* LaunchScreen.storyboard in Resources */ = {isa = PBXBuildFile; fileRef = D7B3615024669CB80076B0DC /* LaunchScreen.storyboard */; };
		D7B3615D24669CB80076B0DC /* lab08Tests.swift in Sources */ = {isa = PBXBuildFile; fileRef = D7B3615C24669CB80076B0DC /* lab08Tests.swift */; };
		D7B3616824669CB80076B0DC /* lab08UITests.swift in Sources */ = {isa = PBXBuildFile; fileRef = D7B3616724669CB80076B0DC /* lab08UITests.swift */; };
		D7C5231F246B0EEE0095DD7E /* VideoRow.swift in Sources */ = {isa = PBXBuildFile; fileRef = D7C5231E246B0EEE0095DD7E /* VideoRow.swift */; };
		D7C52321246B0F9A0095DD7E /* VideoList.swift in Sources */ = {isa = PBXBuildFile; fileRef = D7C52320246B0F9A0095DD7E /* VideoList.swift */; };
		D7C52323246B10EA0095DD7E /* Video.swift in Sources */ = {isa = PBXBuildFile; fileRef = D7C52322246B10EA0095DD7E /* Video.swift */; };
		D7C52325246B1F1D0095DD7E /* VideoDetail.swift in Sources */ = {isa = PBXBuildFile; fileRef = D7C52324246B1F1D0095DD7E /* VideoDetail.swift */; };
/* End PBXBuildFile section */

/* Begin PBXContainerItemProxy section */
		D7B3615924669CB80076B0DC /* PBXContainerItemProxy */ = {
			isa = PBXContainerItemProxy;
			containerPortal = D7B3613A24669CB50076B0DC /* Project object */;
			proxyType = 1;
			remoteGlobalIDString = D7B3614124669CB60076B0DC;
			remoteInfo = lab08;
		};
		D7B3616424669CB80076B0DC /* PBXContainerItemProxy */ = {
			isa = PBXContainerItemProxy;
			containerPortal = D7B3613A24669CB50076B0DC /* Project object */;
			proxyType = 1;
			remoteGlobalIDString = D7B3614124669CB60076B0DC;
			remoteInfo = lab08;
		};
/* End PBXContainerItemProxy section */

/* Begin PBXFileReference section */
		D7B3614224669CB60076B0DC /* lab08.app */ = {isa = PBXFileReference; explicitFileType = wrapper.application; includeInIndex = 0; path = lab08.app; sourceTree = BUILT_PRODUCTS_DIR; };
		D7B3614524669CB60076B0DC /* AppDelegate.swift */ = {isa = PBXFileReference; lastKnownFileType = sourcecode.swift; path = AppDelegate.swift; sourceTree = "<group>"; };
		D7B3614724669CB60076B0DC /* SceneDelegate.swift */ = {isa = PBXFileReference; lastKnownFileType = sourcecode.swift; path = SceneDelegate.swift; sourceTree = "<group>"; };
		D7B3614924669CB60076B0DC /* ContentView.swift */ = {isa = PBXFileReference; lastKnownFileType = sourcecode.swift; path = ContentView.swift; sourceTree = "<group>"; };
		D7B3614B24669CB80076B0DC /* Assets.xcassets */ = {isa = PBXFileReference; lastKnownFileType = folder.assetcatalog; path = Assets.xcassets; sourceTree = "<group>"; };
		D7B3614E24669CB80076B0DC /* Preview Assets.xcassets */ = {isa = PBXFileReference; lastKnownFileType = folder.assetcatalog; path = "Preview Assets.xcassets"; sourceTree = "<group>"; };
		D7B3615124669CB80076B0DC /* Base */ = {isa = PBXFileReference; lastKnownFileType = file.storyboard; name = Base; path = Base.lproj/LaunchScreen.storyboard; sourceTree = "<group>"; };
		D7B3615324669CB80076B0DC /* Info.plist */ = {isa = PBXFileReference; lastKnownFileType = text.plist.xml; path = Info.plist; sourceTree = "<group>"; };
		D7B3615824669CB80076B0DC /* lab08Tests.xctest */ = {isa = PBXFileReference; explicitFileType = wrapper.cfbundle; includeInIndex = 0; path = lab08Tests.xctest; sourceTree = BUILT_PRODUCTS_DIR; };
		D7B3615C24669CB80076B0DC /* lab08Tests.swift */ = {isa = PBXFileReference; lastKnownFileType = sourcecode.swift; path = lab08Tests.swift; sourceTree = "<group>"; };
		D7B3615E24669CB80076B0DC /* Info.plist */ = {isa = PBXFileReference; lastKnownFileType = text.plist.xml; path = Info.plist; sourceTree = "<group>"; };
		D7B3616324669CB80076B0DC /* lab08UITests.xctest */ = {isa = PBXFileReference; explicitFileType = wrapper.cfbundle; includeInIndex = 0; path = lab08UITests.xctest; sourceTree = BUILT_PRODUCTS_DIR; };
		D7B3616724669CB80076B0DC /* lab08UITests.swift */ = {isa = PBXFileReference; lastKnownFileType = sourcecode.swift; path = lab08UITests.swift; sourceTree = "<group>"; };
		D7B3616924669CB80076B0DC /* Info.plist */ = {isa = PBXFileReference; lastKnownFileType = text.plist.xml; path = Info.plist; sourceTree = "<group>"; };
		D7C5231E246B0EEE0095DD7E /* VideoRow.swift */ = {isa = PBXFileReference; lastKnownFileType = sourcecode.swift; path = VideoRow.swift; sourceTree = "<group>"; };
		D7C52320246B0F9A0095DD7E /* VideoList.swift */ = {isa = PBXFileReference; lastKnownFileType = sourcecode.swift; path = VideoList.swift; sourceTree = "<group>"; };
		D7C52322246B10EA0095DD7E /* Video.swift */ = {isa = PBXFileReference; lastKnownFileType = sourcecode.swift; path = Video.swift; sourceTree = "<group>"; };
		D7C52324246B1F1D0095DD7E /* VideoDetail.swift */ = {isa = PBXFileReference; lastKnownFileType = sourcecode.swift; path = VideoDetail.swift; sourceTree = "<group>"; };
/* End PBXFileReference section */

/* Begin PBXFrameworksBuildPhase section */
		D7B3613F24669CB60076B0DC /* Frameworks */ = {
			isa = PBXFrameworksBuildPhase;
			buildActionMask = 2147483647;
			files = (
			);
			runOnlyForDeploymentPostprocessing = 0;
		};
		D7B3615524669CB80076B0DC /* Frameworks */ = {
			isa = PBXFrameworksBuildPhase;
			buildActionMask = 2147483647;
			files = (
			);
			runOnlyForDeploymentPostprocessing = 0;
		};
		D7B3616024669CB80076B0DC /* Frameworks */ = {
			isa = PBXFrameworksBuildPhase;
			buildActionMask = 2147483647;
			files = (
			);
			runOnlyForDeploymentPostprocessing = 0;
		};
/* End PBXFrameworksBuildPhase section */

/* Begin PBXGroup section */
		D7B3613924669CB50076B0DC = {
			isa = PBXGroup;
			children = (
				D7B3614424669CB60076B0DC /* lab08 */,
				D7B3615B24669CB80076B0DC /* lab08Tests */,
				D7B3616624669CB80076B0DC /* lab08UITests */,
				D7B3614324669CB60076B0DC /* Products */,
			);
			sourceTree = "<group>";
		};
		D7B3614324669CB60076B0DC /* Products */ = {
			isa = PBXGroup;
			children = (
				D7B3614224669CB60076B0DC /* lab08.app */,
				D7B3615824669CB80076B0DC /* lab08Tests.xctest */,
				D7B3616324669CB80076B0DC /* lab08UITests.xctest */,
			);
			name = Products;
			sourceTree = "<group>";
		};
		D7B3614424669CB60076B0DC /* lab08 */ = {
			isa = PBXGroup;
			children = (
				D7B3614524669CB60076B0DC /* AppDelegate.swift */,
				D7B3614724669CB60076B0DC /* SceneDelegate.swift */,
				D7B3614924669CB60076B0DC /* ContentView.swift */,
				D7B3614B24669CB80076B0DC /* Assets.xcassets */,
				D7B3615024669CB80076B0DC /* LaunchScreen.storyboard */,
				D7B3615324669CB80076B0DC /* Info.plist */,
				D7B3614D24669CB80076B0DC /* Preview Content */,
				D7C5231E246B0EEE0095DD7E /* VideoRow.swift */,
				D7C52320246B0F9A0095DD7E /* VideoList.swift */,
				D7C52322246B10EA0095DD7E /* Video.swift */,
				D7C52324246B1F1D0095DD7E /* VideoDetail.swift */,
			);
			path = lab08;
			sourceTree = "<group>";
		};
		D7B3614D24669CB80076B0DC /* Preview Content */ = {
			isa = PBXGroup;
			children = (
				D7B3614E24669CB80076B0DC /* Preview Assets.xcassets */,
			);
			path = "Preview Content";
			sourceTree = "<group>";
		};
		D7B3615B24669CB80076B0DC /* lab08Tests */ = {
			isa = PBXGroup;
			children = (
				D7B3615C24669CB80076B0DC /* lab08Tests.swift */,
				D7B3615E24669CB80076B0DC /* Info.plist */,
			);
			path = lab08Tests;
			sourceTree = "<group>";
		};
		D7B3616624669CB80076B0DC /* lab08UITests */ = {
			isa = PBXGroup;
			children = (
				D7B3616724669CB80076B0DC /* lab08UITests.swift */,
				D7B3616924669CB80076B0DC /* Info.plist */,
			);
			path = lab08UITests;
			sourceTree = "<group>";
		};
/* End PBXGroup section */

/* Begin PBXNativeTarget section */
		D7B3614124669CB60076B0DC /* lab08 */ = {
			isa = PBXNativeTarget;
			buildConfigurationList = D7B3616C24669CB80076B0DC /* Build configuration list for PBXNativeTarget "lab08" */;
			buildPhases = (
				D7B3613E24669CB60076B0DC /* Sources */,
				D7B3613F24669CB60076B0DC /* Frameworks */,
				D7B3614024669CB60076B0DC /* Resources */,
			);
			buildRules = (
			);
			dependencies = (
			);
			name = lab08;
			productName = lab08;
			productReference = D7B3614224669CB60076B0DC /* lab08.app */;
			productType = "com.apple.product-type.application";
		};
		D7B3615724669CB80076B0DC /* lab08Tests */ = {
			isa = PBXNativeTarget;
			buildConfigurationList = D7B3616F24669CB80076B0DC /* Build configuration list for PBXNativeTarget "lab08Tests" */;
			buildPhases = (
				D7B3615424669CB80076B0DC /* Sources */,
				D7B3615524669CB80076B0DC /* Frameworks */,
				D7B3615624669CB80076B0DC /* Resources */,
			);
			buildRules = (
			);
			dependencies = (
				D7B3615A24669CB80076B0DC /* PBXTargetDependency */,
			);
			name = lab08Tests;
			productName = lab08Tests;
			productReference = D7B3615824669CB80076B0DC /* lab08Tests.xctest */;
			productType = "com.apple.product-type.bundle.unit-test";
		};
		D7B3616224669CB80076B0DC /* lab08UITests */ = {
			isa = PBXNativeTarget;
			buildConfigurationList = D7B3617224669CB80076B0DC /* Build configuration list for PBXNativeTarget "lab08UITests" */;
			buildPhases = (
				D7B3615F24669CB80076B0DC /* Sources */,
				D7B3616024669CB80076B0DC /* Frameworks */,
				D7B3616124669CB80076B0DC /* Resources */,
			);
			buildRules = (
			);
			dependencies = (
				D7B3616524669CB80076B0DC /* PBXTargetDependency */,
			);
			name = lab08UITests;
			productName = lab08UITests;
			productReference = D7B3616324669CB80076B0DC /* lab08UITests.xctest */;
			productType = "com.apple.product-type.bundle.ui-testing";
		};
/* End PBXNativeTarget section */

/* Begin PBXProject section */
		D7B3613A24669CB50076B0DC /* Project object */ = {
			isa = PBXProject;
			attributes = {
				LastSwiftUpdateCheck = 1140;
				LastUpgradeCheck = 1140;
				ORGANIZATIONNAME = "黃俊維";
				TargetAttributes = {
					D7B3614124669CB60076B0DC = {
						CreatedOnToolsVersion = 11.4.1;
					};
					D7B3615724669CB80076B0DC = {
						CreatedOnToolsVersion = 11.4.1;
						TestTargetID = D7B3614124669CB60076B0DC;
					};
					D7B3616224669CB80076B0DC = {
						CreatedOnToolsVersion = 11.4.1;
						TestTargetID = D7B3614124669CB60076B0DC;
					};
				};
			};
			buildConfigurationList = D7B3613D24669CB50076B0DC /* Build configuration list for PBXProject "lab08" */;
			compatibilityVersion = "Xcode 9.3";
			developmentRegion = en;
			hasScannedForEncodings = 0;
			knownRegions = (
				en,
				Base,
			);
			mainGroup = D7B3613924669CB50076B0DC;
			productRefGroup = D7B3614324669CB60076B0DC /* Products */;
			projectDirPath = "";
			projectRoot = "";
			targets = (
				D7B3614124669CB60076B0DC /* lab08 */,
				D7B3615724669CB80076B0DC /* lab08Tests */,
				D7B3616224669CB80076B0DC /* lab08UITests */,
			);
		};
/* End PBXProject section */

/* Begin PBXResourcesBuildPhase section */
		D7B3614024669CB60076B0DC /* Resources */ = {
			isa = PBXResourcesBuildPhase;
			buildActionMask = 2147483647;
			files = (
				D7B3615224669CB80076B0DC /* LaunchScreen.storyboard in Resources */,
				D7B3614F24669CB80076B0DC /* Preview Assets.xcassets in Resources */,
				D7B3614C24669CB80076B0DC /* Assets.xcassets in Resources */,
			);
			runOnlyForDeploymentPostprocessing = 0;
		};
		D7B3615624669CB80076B0DC /* Resources */ = {
			isa = PBXResourcesBuildPhase;
			buildActionMask = 2147483647;
			files = (
			);
			runOnlyForDeploymentPostprocessing = 0;
		};
		D7B3616124669CB80076B0DC /* Resources */ = {
			isa = PBXResourcesBuildPhase;
			buildActionMask = 2147483647;
			files = (
			);
			runOnlyForDeploymentPostprocessing = 0;
		};
/* End PBXResourcesBuildPhase section */

/* Begin PBXSourcesBuildPhase section */
		D7B3613E24669CB60076B0DC /* Sources */ = {
			isa = PBXSourcesBuildPhase;
			buildActionMask = 2147483647;
			files = (
				D7C52321246B0F9A0095DD7E /* VideoList.swift in Sources */,
				D7C52323246B10EA0095DD7E /* Video.swift in Sources */,
				D7C52325246B1F1D0095DD7E /* VideoDetail.swift in Sources */,
				D7C5231F246B0EEE0095DD7E /* VideoRow.swift in Sources */,
				D7B3614624669CB60076B0DC /* AppDelegate.swift in Sources */,
				D7B3614824669CB60076B0DC /* SceneDelegate.swift in Sources */,
				D7B3614A24669CB60076B0DC /* ContentView.swift in Sources */,
			);
			runOnlyForDeploymentPostprocessing = 0;
		};
		D7B3615424669CB80076B0DC /* Sources */ = {
			isa = PBXSourcesBuildPhase;
			buildActionMask = 2147483647;
			files = (
				D7B3615D24669CB80076B0DC /* lab08Tests.swift in Sources */,
			);
			runOnlyForDeploymentPostprocessing = 0;
		};
		D7B3615F24669CB80076B0DC /* Sources */ = {
			isa = PBXSourcesBuildPhase;
			buildActionMask = 2147483647;
			files = (
				D7B3616824669CB80076B0DC /* lab08UITests.swift in Sources */,
			);
			runOnlyForDeploymentPostprocessing = 0;
		};
/* End PBXSourcesBuildPhase section */

/* Begin PBXTargetDependency section */
		D7B3615A24669CB80076B0DC /* PBXTargetDependency */ = {
			isa = PBXTargetDependency;
			target = D7B3614124669CB60076B0DC /* lab08 */;
			targetProxy = D7B3615924669CB80076B0DC /* PBXContainerItemProxy */;
		};
		D7B3616524669CB80076B0DC /* PBXTargetDependency */ = {
			isa = PBXTargetDependency;
			target = D7B3614124669CB60076B0DC /* lab08 */;
			targetProxy = D7B3616424669CB80076B0DC /* PBXContainerItemProxy */;
		};
/* End PBXTargetDependency section */

/* Begin PBXVariantGroup section */
		D7B3615024669CB80076B0DC /* LaunchScreen.storyboard */ = {
			isa = PBXVariantGroup;
			children = (
				D7B3615124669CB80076B0DC /* Base */,
			);
			name = LaunchScreen.storyboard;
			sourceTree = "<group>";
		};
/* End PBXVariantGroup section */

/* Begin XCBuildConfiguration section */
		D7B3616A24669CB80076B0DC /* Debug */ = {
			isa = XCBuildConfiguration;
			buildSettings = {
				ALWAYS_SEARCH_USER_PATHS = NO;
				CLANG_ANALYZER_NONNULL = YES;
				CLANG_ANALYZER_NUMBER_OBJECT_CONVERSION = YES_AGGRESSIVE;
				CLANG_CXX_LANGUAGE_STANDARD = "gnu++14";
				CLANG_CXX_LIBRARY = "libc++";
				CLANG_ENABLE_MODULES = YES;
				CLANG_ENABLE_OBJC_ARC = YES;
				CLANG_ENABLE_OBJC_WEAK = YES;
				CLANG_WARN_BLOCK_CAPTURE_AUTORELEASING = YES;
				CLANG_WARN_BOOL_CONVERSION = YES;
				CLANG_WARN_COMMA = YES;
				CLANG_WARN_CONSTANT_CONVERSION = YES;
				CLANG_WARN_DEPRECATED_OBJC_IMPLEMENTATIONS = YES;
				CLANG_WARN_DIRECT_OBJC_ISA_USAGE = YES_ERROR;
				CLANG_WARN_DOCUMENTATION_COMMENTS = YES;
				CLANG_WARN_EMPTY_BODY = YES;
				CLANG_WARN_ENUM_CONVERSION = YES;
				CLANG_WARN_INFINITE_RECURSION = YES;
				CLANG_WARN_INT_CONVERSION = YES;
				CLANG_WARN_NON_LITERAL_NULL_CONVERSION = YES;
				CLANG_WARN_OBJC_IMPLICIT_RETAIN_SELF = YES;
				CLANG_WARN_OBJC_LITERAL_CONVERSION = YES;
				CLANG_WARN_OBJC_ROOT_CLASS = YES_ERROR;
				CLANG_WARN_RANGE_LOOP_ANALYSIS = YES;
				CLANG_WARN_STRICT_PROTOTYPES = YES;
				CLANG_WARN_SUSPICIOUS_MOVE = YES;
				CLANG_WARN_UNGUARDED_AVAILABILITY = YES_AGGRESSIVE;
				CLANG_WARN_UNREACHABLE_CODE = YES;
				CLANG_WARN__DUPLICATE_METHOD_MATCH = YES;
				COPY_PHASE_STRIP = NO;
				DEBUG_INFORMATION_FORMAT = dwarf;
				ENABLE_STRICT_OBJC_MSGSEND = YES;
				ENABLE_TESTABILITY = YES;
				GCC_C_LANGUAGE_STANDARD = gnu11;
				GCC_DYNAMIC_NO_PIC = NO;
				GCC_NO_COMMON_BLOCKS = YES;
				GCC_OPTIMIZATION_LEVEL = 0;
				GCC_PREPROCESSOR_DEFINITIONS = (
					"DEBUG=1",
					"$(inherited)",
				);
				GCC_WARN_64_TO_32_BIT_CONVERSION = YES;
				GCC_WARN_ABOUT_RETURN_TYPE = YES_ERROR;
				GCC_WARN_UNDECLARED_SELECTOR = YES;
				GCC_WARN_UNINITIALIZED_AUTOS = YES_AGGRESSIVE;
				GCC_WARN_UNUSED_FUNCTION = YES;
				GCC_WARN_UNUSED_VARIABLE = YES;
				IPHONEOS_DEPLOYMENT_TARGET = 13.4;
				MTL_ENABLE_DEBUG_INFO = INCLUDE_SOURCE;
				MTL_FAST_MATH = YES;
				ONLY_ACTIVE_ARCH = YES;
				SDKROOT = iphoneos;
				SWIFT_ACTIVE_COMPILATION_CONDITIONS = DEBUG;
				SWIFT_OPTIMIZATION_LEVEL = "-Onone";
			};
			name = Debug;
		};
		D7B3616B24669CB80076B0DC /* Release */ = {
			isa = XCBuildConfiguration;
			buildSettings = {
				ALWAYS_SEARCH_USER_PATHS = NO;
				CLANG_ANALYZER_NONNULL = YES;
				CLANG_ANALYZER_NUMBER_OBJECT_CONVERSION = YES_AGGRESSIVE;
				CLANG_CXX_LANGUAGE_STANDARD = "gnu++14";
				CLANG_CXX_LIBRARY = "libc++";
				CLANG_ENABLE_MODULES = YES;
				CLANG_ENABLE_OBJC_ARC = YES;
				CLANG_ENABLE_OBJC_WEAK = YES;
				CLANG_WARN_BLOCK_CAPTURE_AUTORELEASING = YES;
				CLANG_WARN_BOOL_CONVERSION = YES;
				CLANG_WARN_COMMA = YES;
				CLANG_WARN_CONSTANT_CONVERSION = YES;
				CLANG_WARN_DEPRECATED_OBJC_IMPLEMENTATIONS = YES;
				CLANG_WARN_DIRECT_OBJC_ISA_USAGE = YES_ERROR;
				CLANG_WARN_DOCUMENTATION_COMMENTS = YES;
				CLANG_WARN_EMPTY_BODY = YES;
				CLANG_WARN_ENUM_CONVERSION = YES;
				CLANG_WARN_INFINITE_RECURSION = YES;
				CLANG_WARN_INT_CONVERSION = YES;
				CLANG_WARN_NON_LITERAL_NULL_CONVERSION = YES;
				CLANG_WARN_OBJC_IMPLICIT_RETAIN_SELF = YES;
				CLANG_WARN_OBJC_LITERAL_CONVERSION = YES;
				CLANG_WARN_OBJC_ROOT_CLASS = YES_ERROR;
				CLANG_WARN_RANGE_LOOP_ANALYSIS = YES;
				CLANG_WARN_STRICT_PROTOTYPES = YES;
				CLANG_WARN_SUSPICIOUS_MOVE = YES;
				CLANG_WARN_UNGUARDED_AVAILABILITY = YES_AGGRESSIVE;
				CLANG_WARN_UNREACHABLE_CODE = YES;
				CLANG_WARN__DUPLICATE_METHOD_MATCH = YES;
				COPY_PHASE_STRIP = NO;
				DEBUG_INFORMATION_FORMAT = "dwarf-with-dsym";
				ENABLE_NS_ASSERTIONS = NO;
				ENABLE_STRICT_OBJC_MSGSEND = YES;
				GCC_C_LANGUAGE_STANDARD = gnu11;
				GCC_NO_COMMON_BLOCKS = YES;
				GCC_WARN_64_TO_32_BIT_CONVERSION = YES;
				GCC_WARN_ABOUT_RETURN_TYPE = YES_ERROR;
				GCC_WARN_UNDECLARED_SELECTOR = YES;
				GCC_WARN_UNINITIALIZED_AUTOS = YES_AGGRESSIVE;
				GCC_WARN_UNUSED_FUNCTION = YES;
				GCC_WARN_UNUSED_VARIABLE = YES;
				IPHONEOS_DEPLOYMENT_TARGET = 13.4;
				MTL_ENABLE_DEBUG_INFO = NO;
				MTL_FAST_MATH = YES;
				SDKROOT = iphoneos;
				SWIFT_COMPILATION_MODE = wholemodule;
				SWIFT_OPTIMIZATION_LEVEL = "-O";
				VALIDATE_PRODUCT = YES;
			};
			name = Release;
		};
		D7B3616D24669CB80076B0DC /* Debug */ = {
			isa = XCBuildConfiguration;
			buildSettings = {
				ASSETCATALOG_COMPILER_APPICON_NAME = AppIcon;
				CODE_SIGN_STYLE = Automatic;
				DEVELOPMENT_ASSET_PATHS = "\"lab08/Preview Content\"";
				ENABLE_PREVIEWS = YES;
				INFOPLIST_FILE = lab08/Info.plist;
				LD_RUNPATH_SEARCH_PATHS = (
					"$(inherited)",
					"@executable_path/Frameworks",
				);
				PRODUCT_BUNDLE_IDENTIFIER = com.jwh.lab08;
				PRODUCT_NAME = "$(TARGET_NAME)";
				SWIFT_VERSION = 5.0;
				TARGETED_DEVICE_FAMILY = "1,2";
			};
			name = Debug;
		};
		D7B3616E24669CB80076B0DC /* Release */ = {
			isa = XCBuildConfiguration;
			buildSettings = {
				ASSETCATALOG_COMPILER_APPICON_NAME = AppIcon;
				CODE_SIGN_STYLE = Automatic;
				DEVELOPMENT_ASSET_PATHS = "\"lab08/Preview Content\"";
				ENABLE_PREVIEWS = YES;
				INFOPLIST_FILE = lab08/Info.plist;
				LD_RUNPATH_SEARCH_PATHS = (
					"$(inherited)",
					"@executable_path/Frameworks",
				);
				PRODUCT_BUNDLE_IDENTIFIER = com.jwh.lab08;
				PRODUCT_NAME = "$(TARGET_NAME)";
				SWIFT_VERSION = 5.0;
				TARGETED_DEVICE_FAMILY = "1,2";
			};
			name = Release;
		};
		D7B3617024669CB80076B0DC /* Debug */ = {
			isa = XCBuildConfiguration;
			buildSettings = {
				ALWAYS_EMBED_SWIFT_STANDARD_LIBRARIES = YES;
				BUNDLE_LOADER = "$(TEST_HOST)";
				CODE_SIGN_STYLE = Automatic;
				INFOPLIST_FILE = lab08Tests/Info.plist;
				IPHONEOS_DEPLOYMENT_TARGET = 13.4;
				LD_RUNPATH_SEARCH_PATHS = (
					"$(inherited)",
					"@executable_path/Frameworks",
					"@loader_path/Frameworks",
				);
				PRODUCT_BUNDLE_IDENTIFIER = com.jwh.lab08Tests;
				PRODUCT_NAME = "$(TARGET_NAME)";
				SWIFT_VERSION = 5.0;
				TARGETED_DEVICE_FAMILY = "1,2";
				TEST_HOST = "$(BUILT_PRODUCTS_DIR)/lab08.app/lab08";
			};
			name = Debug;
		};
		D7B3617124669CB80076B0DC /* Release */ = {
			isa = XCBuildConfiguration;
			buildSettings = {
				ALWAYS_EMBED_SWIFT_STANDARD_LIBRARIES = YES;
				BUNDLE_LOADER = "$(TEST_HOST)";
				CODE_SIGN_STYLE = Automatic;
				INFOPLIST_FILE = lab08Tests/Info.plist;
				IPHONEOS_DEPLOYMENT_TARGET = 13.4;
				LD_RUNPATH_SEARCH_PATHS = (
					"$(inherited)",
					"@executable_path/Frameworks",
					"@loader_path/Frameworks",
				);
				PRODUCT_BUNDLE_IDENTIFIER = com.jwh.lab08Tests;
				PRODUCT_NAME = "$(TARGET_NAME)";
				SWIFT_VERSION = 5.0;
				TARGETED_DEVICE_FAMILY = "1,2";
				TEST_HOST = "$(BUILT_PRODUCTS_DIR)/lab08.app/lab08";
			};
			name = Release;
		};
		D7B3617324669CB80076B0DC /* Debug */ = {
			isa = XCBuildConfiguration;
			buildSettings = {
				ALWAYS_EMBED_SWIFT_STANDARD_LIBRARIES = YES;
				CODE_SIGN_STYLE = Automatic;
				INFOPLIST_FILE = lab08UITests/Info.plist;
				LD_RUNPATH_SEARCH_PATHS = (
					"$(inherited)",
					"@executable_path/Frameworks",
					"@loader_path/Frameworks",
				);
				PRODUCT_BUNDLE_IDENTIFIER = com.jwh.lab08UITests;
				PRODUCT_NAME = "$(TARGET_NAME)";
				SWIFT_VERSION = 5.0;
				TARGETED_DEVICE_FAMILY = "1,2";
				TEST_TARGET_NAME = lab08;
			};
			name = Debug;
		};
		D7B3617424669CB80076B0DC /* Release */ = {
			isa = XCBuildConfiguration;
			buildSettings = {
				ALWAYS_EMBED_SWIFT_STANDARD_LIBRARIES = YES;
				CODE_SIGN_STYLE = Automatic;
				INFOPLIST_FILE = lab08UITests/Info.plist;
				LD_RUNPATH_SEARCH_PATHS = (
					"$(inherited)",
					"@executable_path/Frameworks",
					"@loader_path/Frameworks",
				);
				PRODUCT_BUNDLE_IDENTIFIER = com.jwh.lab08UITests;
				PRODUCT_NAME = "$(TARGET_NAME)";
				SWIFT_VERSION = 5.0;
				TARGETED_DEVICE_FAMILY = "1,2";
				TEST_TARGET_NAME = lab08;
			};
			name = Release;
		};
/* End XCBuildConfiguration section */

/* Begin XCConfigurationList section */
		D7B3613D24669CB50076B0DC /* Build configuration list for PBXProject "lab08" */ = {
			isa = XCConfigurationList;
			buildConfigurations = (
				D7B3616A24669CB80076B0DC /* Debug */,
				D7B3616B24669CB80076B0DC /* Release */,
			);
			defaultConfigurationIsVisible = 0;
			defaultConfigurationName = Release;
		};
		D7B3616C24669CB80076B0DC /* Build configuration list for PBXNativeTarget "lab08" */ = {
			isa = XCConfigurationList;
			buildConfigurations = (
				D7B3616D24669CB80076B0DC /* Debug */,
				D7B3616E24669CB80076B0DC /* Release */,
			);
			defaultConfigurationIsVisible = 0;
			defaultConfigurationName = Release;
		};
		D7B3616F24669CB80076B0DC /* Build configuration list for PBXNativeTarget "lab08Tests" */ = {
			isa = XCConfigurationList;
			buildConfigurations = (
				D7B3617024669CB80076B0DC /* Debug */,
				D7B3617124669CB80076B0DC /* Release */,
			);
			defaultConfigurationIsVisible = 0;
			defaultConfigurationName = Release;
		};
		D7B3617224669CB80076B0DC /* Build configuration list for PBXNativeTarget "lab08UITests" */ = {
			isa = XCConfigurationList;
			buildConfigurations = (
				D7B3617324669CB80076B0DC /* Debug */,
				D7B3617424669CB80076B0DC /* Release */,
			);
			defaultConfigurationIsVisible = 0;
			defaultConfigurationName = Release;
		};
/* End XCConfigurationList section */
	};
	rootObject = D7B3613A24669CB50076B0DC /* Project object */;
}
